
Microsoft Visual Studio Solution File, Format Version 12.00
# Visual Studio Version 17
VisualStudioVersion = 17.10.35027.167
MinimumVisualStudioVersion = 10.0.40219.1
Project("{FAE04EC0-301F-11D3-BF4B-00C04F79EFBC}") = "ExamResultsManagement", "ExamResultsManagement\ExamResultsManagement.csproj", "{44FD7361-045A-435F-97BE-E2E6E6C22F1C}"
EndProject
Global
	GlobalSection(SolutionConfigurationPlatforms) = preSolution
		Debug|Any CPU = Debug|Any CPU
		Release|Any CPU = Release|Any CPU
	EndGlobalSection
	GlobalSection(ProjectConfigurationPlatforms) = postSolution
		{44FD7361-045A-435F-97BE-E2E6E6C22F1C}.Debug|Any CPU.ActiveCfg = Debug|Any CPU
		{44FD7361-045A-435F-97BE-E2E6E6C22F1C}.Debug|Any CPU.Build.0 = Debug|Any CPU
		{44FD7361-045A-435F-97BE-E2E6E6C22F1C}.Release|Any CPU.ActiveCfg = Release|Any CPU
		{44FD7361-045A-435F-97BE-E2E6E6C22F1C}.Release|Any CPU.Build.0 = Release|Any CPU
	EndGlobalSection
	GlobalSection(SolutionProperties) = preSolution
		HideSolutionNode = FALSE
	EndGlobalSection
	GlobalSection(ExtensibilityGlobals) = postSolution
		SolutionGuid = {AD2879E8-0376-4186-A715-4F237148C4C1}
	EndGlobalSection
EndGlobal
